// !$*UTF8*$!
{
	archiveVersion = 1;
	classes = {
	};
	objectVersion = 55;
	objects = {

/* Begin PBXBuildFile section */
		8019C6A327BE237A006B02B3 /* AppDelegate.swift in Sources */ = {isa = PBXBuildFile; fileRef = 8019C6A227BE237A006B02B3 /* AppDelegate.swift */; };
		8019C6A727BE237A006B02B3 /* AudioEffectViewController.swift in Sources */ = {isa = PBXBuildFile; fileRef = 8019C6A627BE237A006B02B3 /* AudioEffectViewController.swift */; };
		8019C6AA27BE237A006B02B3 /* Main.storyboard in Resources */ = {isa = PBXBuildFile; fileRef = 8019C6A827BE237A006B02B3 /* Main.storyboard */; };
		8019C6AC27BE237C006B02B3 /* Assets.xcassets in Resources */ = {isa = PBXBuildFile; fileRef = 8019C6AB27BE237C006B02B3 /* Assets.xcassets */; };
		8019C6AF27BE237C006B02B3 /* LaunchScreen.storyboard in Resources */ = {isa = PBXBuildFile; fileRef = 8019C6AD27BE237C006B02B3 /* LaunchScreen.storyboard */; };
		8019C6B827BE2DC4006B02B3 /* fourSeason.mp3 in Resources */ = {isa = PBXBuildFile; fileRef = 8019C6B727BE2DC4006B02B3 /* fourSeason.mp3 */; };
		803F03BE2848D8F100317A11 /* GradientLabel.swift in Sources */ = {isa = PBXBuildFile; fileRef = 803F03BD2848D8F100317A11 /* GradientLabel.swift */; };
		803F42EA282A040900A552AA /* CommonAudioPlayerNode.swift in Sources */ = {isa = PBXBuildFile; fileRef = 803F42E9282A040900A552AA /* CommonAudioPlayerNode.swift */; };
		8053107E27C202330044D481 /* AudioUnitParcViewController.swift in Sources */ = {isa = PBXBuildFile; fileRef = 8053107C27C202330044D481 /* AudioUnitParcViewController.swift */; };
		8053107F27C202330044D481 /* AudioUnitParcViewController.xib in Resources */ = {isa = PBXBuildFile; fileRef = 8053107D27C202330044D481 /* AudioUnitParcViewController.xib */; };
		80BBBF7A28433989004521CF /* AVAssetDealTestViewController.swift in Sources */ = {isa = PBXBuildFile; fileRef = 80BBBF7828433989004521CF /* AVAssetDealTestViewController.swift */; };
		80BBBF7B28433989004521CF /* AVAssetDealTestViewController.xib in Resources */ = {isa = PBXBuildFile; fileRef = 80BBBF7928433989004521CF /* AVAssetDealTestViewController.xib */; };
		80BBBF7E28433A43004521CF /* record2.pcm in Resources */ = {isa = PBXBuildFile; fileRef = 80BBBF7C28433A43004521CF /* record2.pcm */; };
		80BBBF7F28433A43004521CF /* record1.pcm in Resources */ = {isa = PBXBuildFile; fileRef = 80BBBF7D28433A43004521CF /* record1.pcm */; };
		80BBBF8228436B5A004521CF /* record11.caf in Resources */ = {isa = PBXBuildFile; fileRef = 80BBBF8028436B5A004521CF /* record11.caf */; };
		80BBBF8328436B5A004521CF /* record2.caf in Resources */ = {isa = PBXBuildFile; fileRef = 80BBBF8128436B5A004521CF /* record2.caf */; };
		80BBBF862844680C004521CF /* HuaLangCollectionViewController.swift in Sources */ = {isa = PBXBuildFile; fileRef = 80BBBF842844680C004521CF /* HuaLangCollectionViewController.swift */; };
		80BBBF872844680C004521CF /* HuaLangCollectionViewController.xib in Resources */ = {isa = PBXBuildFile; fileRef = 80BBBF852844680C004521CF /* HuaLangCollectionViewController.xib */; };
		80BBBF8A28446CF7004521CF /* GalleryFlowLayout.swift in Sources */ = {isa = PBXBuildFile; fileRef = 80BBBF8928446CF7004521CF /* GalleryFlowLayout.swift */; };
		80BBBF9F284640CA004521CF /* GradienetTestViewController.swift in Sources */ = {isa = PBXBuildFile; fileRef = 80BBBF9E284640CA004521CF /* GradienetTestViewController.swift */; };
		80BBBFA828470C21004521CF /* MultipleAudioTrackMixViewController.swift in Sources */ = {isa = PBXBuildFile; fileRef = 80BBBFA628470C21004521CF /* MultipleAudioTrackMixViewController.swift */; };
		80BBBFA928470C21004521CF /* MultipleAudioTrackMixViewController.xib in Resources */ = {isa = PBXBuildFile; fileRef = 80BBBFA728470C21004521CF /* MultipleAudioTrackMixViewController.xib */; };
		80C54414283B3440001FEB00 /* AppleSamplerTestViewController.swift in Sources */ = {isa = PBXBuildFile; fileRef = 80C54412283B343F001FEB00 /* AppleSamplerTestViewController.swift */; };
		80C54415283B3440001FEB00 /* AppleSamplerTestViewController.xib in Resources */ = {isa = PBXBuildFile; fileRef = 80C54413283B3440001FEB00 /* AppleSamplerTestViewController.xib */; };
		80C5441A283B5C4C001FEB00 /* Library2.sf2 in Resources */ = {isa = PBXBuildFile; fileRef = 80C54419283B5C4C001FEB00 /* Library2.sf2 */; };
		80C5441C283B5CAD001FEB00 /* QuDiMK6.sf2 in Resources */ = {isa = PBXBuildFile; fileRef = 80C5441B283B5CAD001FEB00 /* QuDiMK6.sf2 */; };
		C97BCD7AB5C6AC37079357A0 /* libPods-AudioEngineerPractice.a in Frameworks */ = {isa = PBXBuildFile; fileRef = AE8B5521249B196215791D82 /* libPods-AudioEngineerPractice.a */; };
/* End PBXBuildFile section */

/* Begin PBXFileReference section */
		2031AF7602E6417CFFAF253F /* Pods-AudioEngineerPractice.release.xcconfig */ = {isa = PBXFileReference; includeInIndex = 1; lastKnownFileType = text.xcconfig; name = "Pods-AudioEngineerPractice.release.xcconfig"; path = "Target Support Files/Pods-AudioEngineerPractice/Pods-AudioEngineerPractice.release.xcconfig"; sourceTree = "<group>"; };
		3006FE1A294DA061069057E8 /* Pods-AudioEngineerPractice.debug.xcconfig */ = {isa = PBXFileReference; includeInIndex = 1; lastKnownFileType = text.xcconfig; name = "Pods-AudioEngineerPractice.debug.xcconfig"; path = "Target Support Files/Pods-AudioEngineerPractice/Pods-AudioEngineerPractice.debug.xcconfig"; sourceTree = "<group>"; };
		8019C69F27BE237A006B02B3 /* AudioEngineerPractice.app */ = {isa = PBXFileReference; explicitFileType = wrapper.application; includeInIndex = 0; path = AudioEngineerPractice.app; sourceTree = BUILT_PRODUCTS_DIR; };
		8019C6A227BE237A006B02B3 /* AppDelegate.swift */ = {isa = PBXFileReference; lastKnownFileType = sourcecode.swift; path = AppDelegate.swift; sourceTree = "<group>"; };
		8019C6A627BE237A006B02B3 /* AudioEffectViewController.swift */ = {isa = PBXFileReference; lastKnownFileType = sourcecode.swift; path = AudioEffectViewController.swift; sourceTree = "<group>"; };
		8019C6A927BE237A006B02B3 /* Base */ = {isa = PBXFileReference; lastKnownFileType = file.storyboard; name = Base; path = Base.lproj/Main.storyboard; sourceTree = "<group>"; };
		8019C6AB27BE237C006B02B3 /* Assets.xcassets */ = {isa = PBXFileReference; lastKnownFileType = folder.assetcatalog; path = Assets.xcassets; sourceTree = "<group>"; };
		8019C6AE27BE237C006B02B3 /* Base */ = {isa = PBXFileReference; lastKnownFileType = file.storyboard; name = Base; path = Base.lproj/LaunchScreen.storyboard; sourceTree = "<group>"; };
		8019C6B027BE237C006B02B3 /* Info.plist */ = {isa = PBXFileReference; lastKnownFileType = text.plist.xml; path = Info.plist; sourceTree = "<group>"; };
		8019C6B727BE2DC4006B02B3 /* fourSeason.mp3 */ = {isa = PBXFileReference; lastKnownFileType = audio.mp3; path = fourSeason.mp3; sourceTree = "<group>"; };
		803F03BD2848D8F100317A11 /* GradientLabel.swift */ = {isa = PBXFileReference; lastKnownFileType = sourcecode.swift; path = GradientLabel.swift; sourceTree = "<group>"; };
		803F42E9282A040900A552AA /* CommonAudioPlayerNode.swift */ = {isa = PBXFileReference; lastKnownFileType = sourcecode.swift; path = CommonAudioPlayerNode.swift; sourceTree = "<group>"; };
		8053107C27C202330044D481 /* AudioUnitParcViewController.swift */ = {isa = PBXFileReference; lastKnownFileType = sourcecode.swift; path = AudioUnitParcViewController.swift; sourceTree = "<group>"; };
		8053107D27C202330044D481 /* AudioUnitParcViewController.xib */ = {isa = PBXFileReference; lastKnownFileType = file.xib; path = AudioUnitParcViewController.xib; sourceTree = "<group>"; };
		80BBBF7828433989004521CF /* AVAssetDealTestViewController.swift */ = {isa = PBXFileReference; lastKnownFileType = sourcecode.swift; path = AVAssetDealTestViewController.swift; sourceTree = "<group>"; };
		80BBBF7928433989004521CF /* AVAssetDealTestViewController.xib */ = {isa = PBXFileReference; lastKnownFileType = file.xib; path = AVAssetDealTestViewController.xib; sourceTree = "<group>"; };
		80BBBF7C28433A43004521CF /* record2.pcm */ = {isa = PBXFileReference; lastKnownFileType = file; path = record2.pcm; sourceTree = "<group>"; };
		80BBBF7D28433A43004521CF /* record1.pcm */ = {isa = PBXFileReference; lastKnownFileType = file; path = record1.pcm; sourceTree = "<group>"; };
		80BBBF8028436B5A004521CF /* record11.caf */ = {isa = PBXFileReference; lastKnownFileType = file; path = record11.caf; sourceTree = "<group>"; };
		80BBBF8128436B5A004521CF /* record2.caf */ = {isa = PBXFileReference; lastKnownFileType = file; path = record2.caf; sourceTree = "<group>"; };
		80BBBF842844680C004521CF /* HuaLangCollectionViewController.swift */ = {isa = PBXFileReference; lastKnownFileType = sourcecode.swift; path = HuaLangCollectionViewController.swift; sourceTree = "<group>"; };
		80BBBF852844680C004521CF /* HuaLangCollectionViewController.xib */ = {isa = PBXFileReference; lastKnownFileType = file.xib; path = HuaLangCollectionViewController.xib; sourceTree = "<group>"; };
		80BBBF8928446CF7004521CF /* GalleryFlowLayout.swift */ = {isa = PBXFileReference; lastKnownFileType = sourcecode.swift; path = GalleryFlowLayout.swift; sourceTree = "<group>"; };
		80BBBF9E284640CA004521CF /* GradienetTestViewController.swift */ = {isa = PBXFileReference; lastKnownFileType = sourcecode.swift; path = GradienetTestViewController.swift; sourceTree = "<group>"; };
		80BBBFA628470C21004521CF /* MultipleAudioTrackMixViewController.swift */ = {isa = PBXFileReference; lastKnownFileType = sourcecode.swift; path = MultipleAudioTrackMixViewController.swift; sourceTree = "<group>"; };
		80BBBFA728470C21004521CF /* MultipleAudioTrackMixViewController.xib */ = {isa = PBXFileReference; lastKnownFileType = file.xib; path = MultipleAudioTrackMixViewController.xib; sourceTree = "<group>"; };
		80C54412283B343F001FEB00 /* AppleSamplerTestViewController.swift */ = {isa = PBXFileReference; lastKnownFileType = sourcecode.swift; path = AppleSamplerTestViewController.swift; sourceTree = "<group>"; };
		80C54413283B3440001FEB00 /* AppleSamplerTestViewController.xib */ = {isa = PBXFileReference; lastKnownFileType = file.xib; path = AppleSamplerTestViewController.xib; sourceTree = "<group>"; };
		80C54419283B5C4C001FEB00 /* Library2.sf2 */ = {isa = PBXFileReference; lastKnownFileType = file; path = Library2.sf2; sourceTree = "<group>"; };
		80C5441B283B5CAD001FEB00 /* QuDiMK6.sf2 */ = {isa = PBXFileReference; lastKnownFileType = file; path = QuDiMK6.sf2; sourceTree = "<group>"; };
		AE8B5521249B196215791D82 /* libPods-AudioEngineerPractice.a */ = {isa = PBXFileReference; explicitFileType = archive.ar; includeInIndex = 0; path = "libPods-AudioEngineerPractice.a"; sourceTree = BUILT_PRODUCTS_DIR; };
/* End PBXFileReference section */

/* Begin PBXFrameworksBuildPhase section */
		8019C69C27BE237A006B02B3 /* Frameworks */ = {
			isa = PBXFrameworksBuildPhase;
			buildActionMask = 2147483647;
			files = (
				C97BCD7AB5C6AC37079357A0 /* libPods-AudioEngineerPractice.a in Frameworks */,
			);
			runOnlyForDeploymentPostprocessing = 0;
		};
/* End PBXFrameworksBuildPhase section */

/* Begin PBXGroup section */
		72DCE0500439E1AD821D7B43 /* Pods */ = {
			isa = PBXGroup;
			children = (
				3006FE1A294DA061069057E8 /* Pods-AudioEngineerPractice.debug.xcconfig */,
				2031AF7602E6417CFFAF253F /* Pods-AudioEngineerPractice.release.xcconfig */,
			);
			name = Pods;
			path = Pods;
			sourceTree = "<group>";
		};
		8019C69627BE237A006B02B3 = {
			isa = PBXGroup;
			children = (
				8019C6A127BE237A006B02B3 /* AudioEngineerPractice */,
				8019C6A027BE237A006B02B3 /* Products */,
				72DCE0500439E1AD821D7B43 /* Pods */,
				F9E2612F70D0386835320C2B /* Frameworks */,
			);
			sourceTree = "<group>";
		};
		8019C6A027BE237A006B02B3 /* Products */ = {
			isa = PBXGroup;
			children = (
				8019C69F27BE237A006B02B3 /* AudioEngineerPractice.app */,
			);
			name = Products;
			sourceTree = "<group>";
		};
		8019C6A127BE237A006B02B3 /* AudioEngineerPractice */ = {
			isa = PBXGroup;
			children = (
				80BBBF8E2844994B004521CF /* View */,
				80BBBF8828446CAD004521CF /* Model */,
				803F42E8282A03C000A552AA /* commonPro */,
				8019C6B627BE2D90006B02B3 /* resources */,
				8019C6A227BE237A006B02B3 /* AppDelegate.swift */,
				8019C6A627BE237A006B02B3 /* AudioEffectViewController.swift */,
				8019C6A827BE237A006B02B3 /* Main.storyboard */,
				8019C6AB27BE237C006B02B3 /* Assets.xcassets */,
				8019C6AD27BE237C006B02B3 /* LaunchScreen.storyboard */,
				8019C6B027BE237C006B02B3 /* Info.plist */,
				8053107C27C202330044D481 /* AudioUnitParcViewController.swift */,
				8053107D27C202330044D481 /* AudioUnitParcViewController.xib */,
				80C54412283B343F001FEB00 /* AppleSamplerTestViewController.swift */,
				80C54413283B3440001FEB00 /* AppleSamplerTestViewController.xib */,
				80BBBF7828433989004521CF /* AVAssetDealTestViewController.swift */,
				80BBBF7928433989004521CF /* AVAssetDealTestViewController.xib */,
				80BBBF842844680C004521CF /* HuaLangCollectionViewController.swift */,
				80BBBF852844680C004521CF /* HuaLangCollectionViewController.xib */,
				80BBBF9E284640CA004521CF /* GradienetTestViewController.swift */,
				80BBBFA628470C21004521CF /* MultipleAudioTrackMixViewController.swift */,
				80BBBFA728470C21004521CF /* MultipleAudioTrackMixViewController.xib */,
			);
			path = AudioEngineerPractice;
			sourceTree = "<group>";
		};
		8019C6B627BE2D90006B02B3 /* resources */ = {
			isa = PBXGroup;
			children = (
				80BBBF7D28433A43004521CF /* record1.pcm */,
				80BBBF7C28433A43004521CF /* record2.pcm */,
				80BBBF8028436B5A004521CF /* record11.caf */,
				80BBBF8128436B5A004521CF /* record2.caf */,
				80C54419283B5C4C001FEB00 /* Library2.sf2 */,
				80C5441B283B5CAD001FEB00 /* QuDiMK6.sf2 */,
				8019C6B727BE2DC4006B02B3 /* fourSeason.mp3 */,
			);
			path = resources;
			sourceTree = "<group>";
		};
		803F42E8282A03C000A552AA /* commonPro */ = {
			isa = PBXGroup;
			children = (
				803F42E9282A040900A552AA /* CommonAudioPlayerNode.swift */,
			);
			path = commonPro;
			sourceTree = "<group>";
		};
		80BBBF8828446CAD004521CF /* Model */ = {
			isa = PBXGroup;
			children = (
				80BBBF8928446CF7004521CF /* GalleryFlowLayout.swift */,
			);
			path = Model;
			sourceTree = "<group>";
		};
		80BBBF8E2844994B004521CF /* View */ = {
			isa = PBXGroup;
			children = (
				803F03BD2848D8F100317A11 /* GradientLabel.swift */,
			);
			path = View;
			sourceTree = "<group>";
		};
		F9E2612F70D0386835320C2B /* Frameworks */ = {
			isa = PBXGroup;
			children = (
				AE8B5521249B196215791D82 /* libPods-AudioEngineerPractice.a */,
			);
			name = Frameworks;
			sourceTree = "<group>";
		};
/* End PBXGroup section */

/* Begin PBXNativeTarget section */
		8019C69E27BE237A006B02B3 /* AudioEngineerPractice */ = {
			isa = PBXNativeTarget;
			buildConfigurationList = 8019C6B327BE237C006B02B3 /* Build configuration list for PBXNativeTarget "AudioEngineerPractice" */;
			buildPhases = (
				CDDD35438EE5D2E217F3B5D0 /* [CP] Check Pods Manifest.lock */,
				8019C69B27BE237A006B02B3 /* Sources */,
				8019C69C27BE237A006B02B3 /* Frameworks */,
				8019C69D27BE237A006B02B3 /* Resources */,
			);
			buildRules = (
			);
			dependencies = (
			);
			name = AudioEngineerPractice;
			productName = AudioEngineerPractice;
			productReference = 8019C69F27BE237A006B02B3 /* AudioEngineerPractice.app */;
			productType = "com.apple.product-type.application";
		};
/* End PBXNativeTarget section */

/* Begin PBXProject section */
		8019C69727BE237A006B02B3 /* Project object */ = {
			isa = PBXProject;
			attributes = {
				BuildIndependentTargetsInParallel = 1;
				LastSwiftUpdateCheck = 1320;
				LastUpgradeCheck = 1320;
				TargetAttributes = {
					8019C69E27BE237A006B02B3 = {
						CreatedOnToolsVersion = 13.2.1;
					};
				};
			};
			buildConfigurationList = 8019C69A27BE237A006B02B3 /* Build configuration list for PBXProject "AudioEngineerPractice" */;
			compatibilityVersion = "Xcode 13.0";
			developmentRegion = en;
			hasScannedForEncodings = 0;
			knownRegions = (
				en,
				Base,
			);
			mainGroup = 8019C69627BE237A006B02B3;
			productRefGroup = 8019C6A027BE237A006B02B3 /* Products */;
			projectDirPath = "";
			projectRoot = "";
			targets = (
				8019C69E27BE237A006B02B3 /* AudioEngineerPractice */,
			);
		};
/* End PBXProject section */

/* Begin PBXResourcesBuildPhase section */
		8019C69D27BE237A006B02B3 /* Resources */ = {
			isa = PBXResourcesBuildPhase;
			buildActionMask = 2147483647;
			files = (
				80BBBF7B28433989004521CF /* AVAssetDealTestViewController.xib in Resources */,
				80C54415283B3440001FEB00 /* AppleSamplerTestViewController.xib in Resources */,
				8053107F27C202330044D481 /* AudioUnitParcViewController.xib in Resources */,
				80BBBF7E28433A43004521CF /* record2.pcm in Resources */,
				8019C6AF27BE237C006B02B3 /* LaunchScreen.storyboard in Resources */,
				80BBBF872844680C004521CF /* HuaLangCollectionViewController.xib in Resources */,
				80BBBF7F28433A43004521CF /* record1.pcm in Resources */,
				8019C6AC27BE237C006B02B3 /* Assets.xcassets in Resources */,
				8019C6AA27BE237A006B02B3 /* Main.storyboard in Resources */,
				80BBBFA928470C21004521CF /* MultipleAudioTrackMixViewController.xib in Resources */,
				80BBBF8328436B5A004521CF /* record2.caf in Resources */,
				8019C6B827BE2DC4006B02B3 /* fourSeason.mp3 in Resources */,
				80C5441C283B5CAD001FEB00 /* QuDiMK6.sf2 in Resources */,
				80C5441A283B5C4C001FEB00 /* Library2.sf2 in Resources */,
				80BBBF8228436B5A004521CF /* record11.caf in Resources */,
			);
			runOnlyForDeploymentPostprocessing = 0;
		};
/* End PBXResourcesBuildPhase section */

/* Begin PBXShellScriptBuildPhase section */
		CDDD35438EE5D2E217F3B5D0 /* [CP] Check Pods Manifest.lock */ = {
			isa = PBXShellScriptBuildPhase;
			buildActionMask = 2147483647;
			files = (
			);
			inputFileListPaths = (
			);
			inputPaths = (
				"${PODS_PODFILE_DIR_PATH}/Podfile.lock",
				"${PODS_ROOT}/Manifest.lock",
			);
			name = "[CP] Check Pods Manifest.lock";
			outputFileListPaths = (
			);
			outputPaths = (
				"$(DERIVED_FILE_DIR)/Pods-AudioEngineerPractice-checkManifestLockResult.txt",
			);
			runOnlyForDeploymentPostprocessing = 0;
			shellPath = /bin/sh;
			shellScript = "diff \"${PODS_PODFILE_DIR_PATH}/Podfile.lock\" \"${PODS_ROOT}/Manifest.lock\" > /dev/null\nif [ $? != 0 ] ; then\n    # print error to STDERR\n    echo \"error: The sandbox is not in sync with the Podfile.lock. Run 'pod install' or update your CocoaPods installation.\" >&2\n    exit 1\nfi\n# This output is used by Xcode 'outputs' to avoid re-running this script phase.\necho \"SUCCESS\" > \"${SCRIPT_OUTPUT_FILE_0}\"\n";
			showEnvVarsInLog = 0;
		};
/* End PBXShellScriptBuildPhase section */

/* Begin PBXSourcesBuildPhase section */
		8019C69B27BE237A006B02B3 /* Sources */ = {
			isa = PBXSourcesBuildPhase;
			buildActionMask = 2147483647;
			files = (
				80BBBF8A28446CF7004521CF /* GalleryFlowLayout.swift in Sources */,
				80BBBF9F284640CA004521CF /* GradienetTestViewController.swift in Sources */,
				803F42EA282A040900A552AA /* CommonAudioPlayerNode.swift in Sources */,
				8019C6A727BE237A006B02B3 /* AudioEffectViewController.swift in Sources */,
				803F03BE2848D8F100317A11 /* GradientLabel.swift in Sources */,
				80BBBF7A28433989004521CF /* AVAssetDealTestViewController.swift in Sources */,
				8019C6A327BE237A006B02B3 /* AppDelegate.swift in Sources */,
				80BBBFA828470C21004521CF /* MultipleAudioTrackMixViewController.swift in Sources */,
				80C54414283B3440001FEB00 /* AppleSamplerTestViewController.swift in Sources */,
				80BBBF862844680C004521CF /* HuaLangCollectionViewController.swift in Sources */,
				8053107E27C202330044D481 /* AudioUnitParcViewController.swift in Sources */,
			);
			runOnlyForDeploymentPostprocessing = 0;
		};
/* End PBXSourcesBuildPhase section */

/* Begin PBXVariantGroup section */
		8019C6A827BE237A006B02B3 /* Main.storyboard */ = {
			isa = PBXVariantGroup;
			children = (
				8019C6A927BE237A006B02B3 /* Base */,
			);
			name = Main.storyboard;
			sourceTree = "<group>";
		};
		8019C6AD27BE237C006B02B3 /* LaunchScreen.storyboard */ = {
			isa = PBXVariantGroup;
			children = (
				8019C6AE27BE237C006B02B3 /* Base */,
			);
			name = LaunchScreen.storyboard;
			sourceTree = "<group>";
		};
/* End PBXVariantGroup section */

/* Begin XCBuildConfiguration section */
		8019C6B127BE237C006B02B3 /* Debug */ = {
			isa = XCBuildConfiguration;
			buildSettings = {
				ALWAYS_SEARCH_USER_PATHS = NO;
				CLANG_ANALYZER_NONNULL = YES;
				CLANG_ANALYZER_NUMBER_OBJECT_CONVERSION = YES_AGGRESSIVE;
				CLANG_CXX_LANGUAGE_STANDARD = "gnu++17";
				CLANG_CXX_LIBRARY = "libc++";
				CLANG_ENABLE_MODULES = YES;
				CLANG_ENABLE_OBJC_ARC = YES;
				CLANG_ENABLE_OBJC_WEAK = YES;
				CLANG_WARN_BLOCK_CAPTURE_AUTORELEASING = YES;
				CLANG_WARN_BOOL_CONVERSION = YES;
				CLANG_WARN_COMMA = YES;
				CLANG_WARN_CONSTANT_CONVERSION = YES;
				CLANG_WARN_DEPRECATED_OBJC_IMPLEMENTATIONS = YES;
				CLANG_WARN_DIRECT_OBJC_ISA_USAGE = YES_ERROR;
				CLANG_WARN_DOCUMENTATION_COMMENTS = YES;
				CLANG_WARN_EMPTY_BODY = YES;
				CLANG_WARN_ENUM_CONVERSION = YES;
				CLANG_WARN_INFINITE_RECURSION = YES;
				CLANG_WARN_INT_CONVERSION = YES;
				CLANG_WARN_NON_LITERAL_NULL_CONVERSION = YES;
				CLANG_WARN_OBJC_IMPLICIT_RETAIN_SELF = YES;
				CLANG_WARN_OBJC_LITERAL_CONVERSION = YES;
				CLANG_WARN_OBJC_ROOT_CLASS = YES_ERROR;
				CLANG_WARN_QUOTED_INCLUDE_IN_FRAMEWORK_HEADER = YES;
				CLANG_WARN_RANGE_LOOP_ANALYSIS = YES;
				CLANG_WARN_STRICT_PROTOTYPES = YES;
				CLANG_WARN_SUSPICIOUS_MOVE = YES;
				CLANG_WARN_UNGUARDED_AVAILABILITY = YES_AGGRESSIVE;
				CLANG_WARN_UNREACHABLE_CODE = YES;
				CLANG_WARN__DUPLICATE_METHOD_MATCH = YES;
				COPY_PHASE_STRIP = NO;
				DEBUG_INFORMATION_FORMAT = dwarf;
				ENABLE_STRICT_OBJC_MSGSEND = YES;
				ENABLE_TESTABILITY = YES;
				GCC_C_LANGUAGE_STANDARD = gnu11;
				GCC_DYNAMIC_NO_PIC = NO;
				GCC_NO_COMMON_BLOCKS = YES;
				GCC_OPTIMIZATION_LEVEL = 0;
				GCC_PREPROCESSOR_DEFINITIONS = (
					"DEBUG=1",
					"$(inherited)",
				);
				GCC_WARN_64_TO_32_BIT_CONVERSION = YES;
				GCC_WARN_ABOUT_RETURN_TYPE = YES_ERROR;
				GCC_WARN_UNDECLARED_SELECTOR = YES;
				GCC_WARN_UNINITIALIZED_AUTOS = YES_AGGRESSIVE;
				GCC_WARN_UNUSED_FUNCTION = YES;
				GCC_WARN_UNUSED_VARIABLE = YES;
				IPHONEOS_DEPLOYMENT_TARGET = 15.2;
				MTL_ENABLE_DEBUG_INFO = INCLUDE_SOURCE;
				MTL_FAST_MATH = YES;
				ONLY_ACTIVE_ARCH = YES;
				SDKROOT = iphoneos;
				SWIFT_ACTIVE_COMPILATION_CONDITIONS = DEBUG;
				SWIFT_OPTIMIZATION_LEVEL = "-Onone";
			};
			name = Debug;
		};
		8019C6B227BE237C006B02B3 /* Release */ = {
			isa = XCBuildConfiguration;
			buildSettings = {
				ALWAYS_SEARCH_USER_PATHS = NO;
				CLANG_ANALYZER_NONNULL = YES;
				CLANG_ANALYZER_NUMBER_OBJECT_CONVERSION = YES_AGGRESSIVE;
				CLANG_CXX_LANGUAGE_STANDARD = "gnu++17";
				CLANG_CXX_LIBRARY = "libc++";
				CLANG_ENABLE_MODULES = YES;
				CLANG_ENABLE_OBJC_ARC = YES;
				CLANG_ENABLE_OBJC_WEAK = YES;
				CLANG_WARN_BLOCK_CAPTURE_AUTORELEASING = YES;
				CLANG_WARN_BOOL_CONVERSION = YES;
				CLANG_WARN_COMMA = YES;
				CLANG_WARN_CONSTANT_CONVERSION = YES;
				CLANG_WARN_DEPRECATED_OBJC_IMPLEMENTATIONS = YES;
				CLANG_WARN_DIRECT_OBJC_ISA_USAGE = YES_ERROR;
				CLANG_WARN_DOCUMENTATION_COMMENTS = YES;
				CLANG_WARN_EMPTY_BODY = YES;
				CLANG_WARN_ENUM_CONVERSION = YES;
				CLANG_WARN_INFINITE_RECURSION = YES;
				CLANG_WARN_INT_CONVERSION = YES;
				CLANG_WARN_NON_LITERAL_NULL_CONVERSION = YES;
				CLANG_WARN_OBJC_IMPLICIT_RETAIN_SELF = YES;
				CLANG_WARN_OBJC_LITERAL_CONVERSION = YES;
				CLANG_WARN_OBJC_ROOT_CLASS = YES_ERROR;
				CLANG_WARN_QUOTED_INCLUDE_IN_FRAMEWORK_HEADER = YES;
				CLANG_WARN_RANGE_LOOP_ANALYSIS = YES;
				CLANG_WARN_STRICT_PROTOTYPES = YES;
				CLANG_WARN_SUSPICIOUS_MOVE = YES;
				CLANG_WARN_UNGUARDED_AVAILABILITY = YES_AGGRESSIVE;
				CLANG_WARN_UNREACHABLE_CODE = YES;
				CLANG_WARN__DUPLICATE_METHOD_MATCH = YES;
				COPY_PHASE_STRIP = NO;
				DEBUG_INFORMATION_FORMAT = "dwarf-with-dsym";
				ENABLE_NS_ASSERTIONS = NO;
				ENABLE_STRICT_OBJC_MSGSEND = YES;
				GCC_C_LANGUAGE_STANDARD = gnu11;
				GCC_NO_COMMON_BLOCKS = YES;
				GCC_WARN_64_TO_32_BIT_CONVERSION = YES;
				GCC_WARN_ABOUT_RETURN_TYPE = YES_ERROR;
				GCC_WARN_UNDECLARED_SELECTOR = YES;
				GCC_WARN_UNINITIALIZED_AUTOS = YES_AGGRESSIVE;
				GCC_WARN_UNUSED_FUNCTION = YES;
				GCC_WARN_UNUSED_VARIABLE = YES;
				IPHONEOS_DEPLOYMENT_TARGET = 15.2;
				MTL_ENABLE_DEBUG_INFO = NO;
				MTL_FAST_MATH = YES;
				SDKROOT = iphoneos;
				SWIFT_COMPILATION_MODE = wholemodule;
				SWIFT_OPTIMIZATION_LEVEL = "-O";
				VALIDATE_PRODUCT = YES;
			};
			name = Release;
		};
		8019C6B427BE237C006B02B3 /* Debug */ = {
			isa = XCBuildConfiguration;
			baseConfigurationReference = 3006FE1A294DA061069057E8 /* Pods-AudioEngineerPractice.debug.xcconfig */;
			buildSettings = {
				ASSETCATALOG_COMPILER_APPICON_NAME = AppIcon;
				ASSETCATALOG_COMPILER_GLOBAL_ACCENT_COLOR_NAME = AccentColor;
				CODE_SIGN_STYLE = Automatic;
				CURRENT_PROJECT_VERSION = 1;
				DEVELOPMENT_TEAM = ALPRUF67F5;
				GENERATE_INFOPLIST_FILE = YES;
				INFOPLIST_FILE = AudioEngineerPractice/Info.plist;
				INFOPLIST_KEY_NSMicrophoneUsageDescription = "use microphone";
				INFOPLIST_KEY_UIApplicationSupportsIndirectInputEvents = YES;
				INFOPLIST_KEY_UIMainStoryboardFile = Main;
				INFOPLIST_KEY_UIRequiresFullScreen = NO;
				INFOPLIST_KEY_UISupportedInterfaceOrientations = "UIInterfaceOrientationPortrait UIInterfaceOrientationPortraitUpsideDown UIInterfaceOrientationLandscapeLeft UIInterfaceOrientationLandscapeRight";
				INFOPLIST_KEY_UISupportedInterfaceOrientations_iPad = "UIInterfaceOrientationPortrait UIInterfaceOrientationPortraitUpsideDown UIInterfaceOrientationLandscapeLeft UIInterfaceOrientationLandscapeRight";
				INFOPLIST_KEY_UISupportedInterfaceOrientations_iPhone = "UIInterfaceOrientationPortrait UIInterfaceOrientationLandscapeLeft UIInterfaceOrientationLandscapeRight";
				IPHONEOS_DEPLOYMENT_TARGET = 11.0;
				LD_RUNPATH_SEARCH_PATHS = (
					"$(inherited)",
					"@executable_path/Frameworks",
				);
				MARKETING_VERSION = 1.0;
				PRODUCT_BUNDLE_IDENTIFIER = com.WarrenWoo.app.AudioEngineerPractice;
				PRODUCT_NAME = "$(TARGET_NAME)";
				SWIFT_EMIT_LOC_STRINGS = YES;
				SWIFT_VERSION = 5.0;
				TARGETED_DEVICE_FAMILY = "1,2";
			};
			name = Debug;
		};
		8019C6B527BE237C006B02B3 /* Release */ = {
			isa = XCBuildConfiguration;
			baseConfigurationReference = 2031AF7602E6417CFFAF253F /* Pods-AudioEngineerPractice.release.xcconfig */;
			buildSettings = {
				ASSETCATALOG_COMPILER_APPICON_NAME = AppIcon;
				ASSETCATALOG_COMPILER_GLOBAL_ACCENT_COLOR_NAME = AccentColor;
				CODE_SIGN_STYLE = Automatic;
				CURRENT_PROJECT_VERSION = 1;
				DEVELOPMENT_TEAM = ALPRUF67F5;
				GENERATE_INFOPLIST_FILE = YES;
				INFOPLIST_FILE = AudioEngineerPractice/Info.plist;
				INFOPLIST_KEY_NSMicrophoneUsageDescription = "use microphone";
				INFOPLIST_KEY_UIApplicationSupportsIndirectInputEvents = YES;
				INFOPLIST_KEY_UIMainStoryboardFile = Main;
				INFOPLIST_KEY_UIRequiresFullScreen = NO;
				INFOPLIST_KEY_UISupportedInterfaceOrientations = "UIInterfaceOrientationPortrait UIInterfaceOrientationPortraitUpsideDown UIInterfaceOrientationLandscapeLeft UIInterfaceOrientationLandscapeRight";
				INFOPLIST_KEY_UISupportedInterfaceOrientations_iPad = "UIInterfaceOrientationPortrait UIInterfaceOrientationPortraitUpsideDown UIInterfaceOrientationLandscapeLeft UIInterfaceOrientationLandscapeRight";
				INFOPLIST_KEY_UISupportedInterfaceOrientations_iPhone = "UIInterfaceOrientationPortrait UIInterfaceOrientationLandscapeLeft UIInterfaceOrientationLandscapeRight";
				IPHONEOS_DEPLOYMENT_TARGET = 11.0;
				LD_RUNPATH_SEARCH_PATHS = (
					"$(inherited)",
					"@executable_path/Frameworks",
				);
				MARKETING_VERSION = 1.0;
				PRODUCT_BUNDLE_IDENTIFIER = com.WarrenWoo.app.AudioEngineerPractice;
				PRODUCT_NAME = "$(TARGET_NAME)";
				SWIFT_EMIT_LOC_STRINGS = YES;
				SWIFT_VERSION = 5.0;
				TARGETED_DEVICE_FAMILY = "1,2";
			};
			name = Release;
		};
/* End XCBuildConfiguration section */

/* Begin XCConfigurationList section */
		8019C69A27BE237A006B02B3 /* Build configuration list for PBXProject "AudioEngineerPractice" */ = {
			isa = XCConfigurationList;
			buildConfigurations = (
				8019C6B127BE237C006B02B3 /* Debug */,
				8019C6B227BE237C006B02B3 /* Release */,
			);
			defaultConfigurationIsVisible = 0;
			defaultConfigurationName = Release;
		};
		8019C6B327BE237C006B02B3 /* Build configuration list for PBXNativeTarget "AudioEngineerPractice" */ = {
			isa = XCConfigurationList;
			buildConfigurations = (
				8019C6B427BE237C006B02B3 /* Debug */,
				8019C6B527BE237C006B02B3 /* Release */,
			);
			defaultConfigurationIsVisible = 0;
			defaultConfigurationName = Release;
		};
/* End XCConfigurationList section */
	};
	rootObject = 8019C69727BE237A006B02B3 /* Project object */;
}
